
Microsoft Visual Studio Solution File, Format Version 12.00
# Visual Studio Version 17
VisualStudioVersion = 17.13.35825.156 d17.13
MinimumVisualStudioVersion = 10.0.40219.1
Project("{FAE04EC0-301F-11D3-BF4B-00C04F79EFBC}") = "api.csv", "api.csv\api.csv.csproj", "{771DC9CC-57FE-43FF-B2A2-7E1414C6565B}"
EndProject
Global
	GlobalSection(SolutionConfigurationPlatforms) = preSolution
		Debug|Any CPU = Debug|Any CPU
		Release|Any CPU = Release|Any CPU
	EndGlobalSection
	GlobalSection(ProjectConfigurationPlatforms) = postSolution
		{771DC9CC-57FE-43FF-B2A2-7E1414C6565B}.Debug|Any CPU.ActiveCfg = Debug|Any CPU
		{771DC9CC-57FE-43FF-B2A2-7E1414C6565B}.Debug|Any CPU.Build.0 = Debug|Any CPU
		{771DC9CC-57FE-43FF-B2A2-7E1414C6565B}.Release|Any CPU.ActiveCfg = Release|Any CPU
		{771DC9CC-57FE-43FF-B2A2-7E1414C6565B}.Release|Any CPU.Build.0 = Release|Any CPU
	EndGlobalSection
	GlobalSection(SolutionProperties) = preSolution
		HideSolutionNode = FALSE
	EndGlobalSection
	GlobalSection(ExtensibilityGlobals) = postSolution
		SolutionGuid = {E8C1C4F0-2817-428C-B784-98C23EC0FEDC}
	EndGlobalSection
EndGlobal
